
Microsoft Visual Studio Solution File, Format Version 12.00
# Visual Studio Version 17
VisualStudioVersion = 17.14.36518.9 d17.14
MinimumVisualStudioVersion = 10.0.40219.1
Project("{FAE04EC0-301F-11D3-BF4B-00C04F79EFBC}") = "BookCaseEF", "BookCaseEF.csproj", "{06AF779B-6A31-4356-9574-0AE4A6F26DBE}"
EndProject
Global
	GlobalSection(SolutionConfigurationPlatforms) = preSolution
		Debug|Any CPU = Debug|Any CPU
		Release|Any CPU = Release|Any CPU
	EndGlobalSection
	GlobalSection(ProjectConfigurationPlatforms) = postSolution
		{06AF779B-6A31-4356-9574-0AE4A6F26DBE}.Debug|Any CPU.ActiveCfg = Debug|Any CPU
		{06AF779B-6A31-4356-9574-0AE4A6F26DBE}.Debug|Any CPU.Build.0 = Debug|Any CPU
		{06AF779B-6A31-4356-9574-0AE4A6F26DBE}.Release|Any CPU.ActiveCfg = Release|Any CPU
		{06AF779B-6A31-4356-9574-0AE4A6F26DBE}.Release|Any CPU.Build.0 = Release|Any CPU
	EndGlobalSection
	GlobalSection(SolutionProperties) = preSolution
		HideSolutionNode = FALSE
	EndGlobalSection
	GlobalSection(ExtensibilityGlobals) = postSolution
		SolutionGuid = {D42BB4C3-2B71-4871-86FF-0F0F7097F21B}
	EndGlobalSection
EndGlobal
